
Microsoft Visual Studio Solution File, Format Version 12.00
# Visual Studio Version 17
VisualStudioVersion = 17.7.34221.43
MinimumVisualStudioVersion = 10.0.40219.1
Project("{FAE04EC0-301F-11D3-BF4B-00C04F79EFBC}") = "testRSA", "testRSA.csproj", "{0B3A31C8-CD3B-459A-8929-DB1FA48431AB}"
EndProject
Global
	GlobalSection(SolutionConfigurationPlatforms) = preSolution
		Debug|Any CPU = Debug|Any CPU
		Release|Any CPU = Release|Any CPU
	EndGlobalSection
	GlobalSection(ProjectConfigurationPlatforms) = postSolution
		{0B3A31C8-CD3B-459A-8929-DB1FA48431AB}.Debug|Any CPU.ActiveCfg = Debug|Any CPU
		{0B3A31C8-CD3B-459A-8929-DB1FA48431AB}.Debug|Any CPU.Build.0 = Debug|Any CPU
		{0B3A31C8-CD3B-459A-8929-DB1FA48431AB}.Release|Any CPU.ActiveCfg = Release|Any CPU
		{0B3A31C8-CD3B-459A-8929-DB1FA48431AB}.Release|Any CPU.Build.0 = Release|Any CPU
	EndGlobalSection
	GlobalSection(SolutionProperties) = preSolution
		HideSolutionNode = FALSE
	EndGlobalSection
	GlobalSection(ExtensibilityGlobals) = postSolution
		SolutionGuid = {E9367393-10D7-4D3E-9C18-4A2D082AD8BD}
	EndGlobalSection
EndGlobal
