
Microsoft Visual Studio Solution File, Format Version 12.00
# Visual Studio Version 17
VisualStudioVersion = 17.7.34221.43
MinimumVisualStudioVersion = 10.0.40219.1
Project("{FAE04EC0-301F-11D3-BF4B-00C04F79EFBC}") = "WebApplication1", "WebApplication1\WebApplication1.csproj", "{15517388-8F67-48D2-ACAF-98E3F0E1C4EF}"
EndProject
Global
	GlobalSection(SolutionConfigurationPlatforms) = preSolution
		Debug|Any CPU = Debug|Any CPU
		Release|Any CPU = Release|Any CPU
	EndGlobalSection
	GlobalSection(ProjectConfigurationPlatforms) = postSolution
		{15517388-8F67-48D2-ACAF-98E3F0E1C4EF}.Debug|Any CPU.ActiveCfg = Debug|Any CPU
		{15517388-8F67-48D2-ACAF-98E3F0E1C4EF}.Debug|Any CPU.Build.0 = Debug|Any CPU
		{15517388-8F67-48D2-ACAF-98E3F0E1C4EF}.Release|Any CPU.ActiveCfg = Release|Any CPU
		{15517388-8F67-48D2-ACAF-98E3F0E1C4EF}.Release|Any CPU.Build.0 = Release|Any CPU
	EndGlobalSection
	GlobalSection(SolutionProperties) = preSolution
		HideSolutionNode = FALSE
	EndGlobalSection
	GlobalSection(ExtensibilityGlobals) = postSolution
		SolutionGuid = {46E35DAD-B6AD-454E-BDEE-6CAE4CAF4D16}
	EndGlobalSection
EndGlobal
