
Microsoft Visual Studio Solution File, Format Version 12.00
# Visual Studio Version 17
VisualStudioVersion = 17.7.34221.43
MinimumVisualStudioVersion = 10.0.40219.1
Project("{9A19103F-16F7-4668-BE54-9A1E7A4F7556}") = "WebApplication1", "WebApplication1.csproj", "{ED4EB92A-27BB-402A-977E-BEB41FFD4FB7}"
EndProject
Project("{9A19103F-16F7-4668-BE54-9A1E7A4F7556}") = "ToolBoxLibrary", "..\ToolBoxLibrary\ToolBoxLibrary.csproj", "{98FEE6A6-15A3-4FCE-A1CF-CE0F068007BB}"
EndProject
Global
	GlobalSection(SolutionConfigurationPlatforms) = preSolution
		Debug|Any CPU = Debug|Any CPU
		Release|Any CPU = Release|Any CPU
	EndGlobalSection
	GlobalSection(ProjectConfigurationPlatforms) = postSolution
		{ED4EB92A-27BB-402A-977E-BEB41FFD4FB7}.Debug|Any CPU.ActiveCfg = Debug|Any CPU
		{ED4EB92A-27BB-402A-977E-BEB41FFD4FB7}.Debug|Any CPU.Build.0 = Debug|Any CPU
		{ED4EB92A-27BB-402A-977E-BEB41FFD4FB7}.Release|Any CPU.ActiveCfg = Release|Any CPU
		{ED4EB92A-27BB-402A-977E-BEB41FFD4FB7}.Release|Any CPU.Build.0 = Release|Any CPU
		{98FEE6A6-15A3-4FCE-A1CF-CE0F068007BB}.Debug|Any CPU.ActiveCfg = Debug|Any CPU
		{98FEE6A6-15A3-4FCE-A1CF-CE0F068007BB}.Debug|Any CPU.Build.0 = Debug|Any CPU
		{98FEE6A6-15A3-4FCE-A1CF-CE0F068007BB}.Release|Any CPU.ActiveCfg = Release|Any CPU
		{98FEE6A6-15A3-4FCE-A1CF-CE0F068007BB}.Release|Any CPU.Build.0 = Release|Any CPU
	EndGlobalSection
	GlobalSection(SolutionProperties) = preSolution
		HideSolutionNode = FALSE
	EndGlobalSection
	GlobalSection(ExtensibilityGlobals) = postSolution
		SolutionGuid = {8D6E737D-3C04-465B-8F00-04D6D367FB59}
	EndGlobalSection
EndGlobal
